PODS:
  - AxeSync (0.1.0):
    - bls-signatures-pod (= 0.2.9)
    - CocoaLumberjack (= 3.6.0)
    - DSDynamicOptions (= 0.1.0)
    - DWAlertController (= 0.2.1)
    - secp256k1_axe (= 0.1.2.5)
  - bls-signatures-pod (0.2.9)
  - CloudInAppMessaging (0.1.0)
  - CocoaLumberjack (3.6.0):
    - CocoaLumberjack/Core (= 3.6.0)
  - CocoaLumberjack/Core (3.6.0)
  - DSDynamicOptions (0.1.0)
  - DWAlertController (0.2.1)
  - KVO-MVVM (0.5.6)
  - MBProgressHUD (1.1.0)
  - MMSegmentSlider (1.0.3)
  - secp256k1_axe (0.1.2.5)
  - UIViewController-KeyboardAdditions (1.2.1)

DEPENDENCIES:
  - AxeSync (from `https://github.com/axerunners/axesync/`, commit `1e4107bc204fd9ab9365a2e91b74397891a93364`)
  - CloudInAppMessaging (= 0.1.0)
  - DSDynamicOptions (= 0.1.0)
  - KVO-MVVM (= 0.5.6)
  - MBProgressHUD (= 1.1.0)
  - MMSegmentSlider (from `https://github.com/podkovyrin/MMSegmentSlider`, commit `2d91366`)
  - UIViewController-KeyboardAdditions (= 1.2.1)

SPEC REPOS:
  trunk:
    - bls-signatures-pod
    - CloudInAppMessaging
    - CocoaLumberjack
    - DSDynamicOptions
    - DWAlertController
    - KVO-MVVM
    - MBProgressHUD
    - secp256k1_axe
    - UIViewController-KeyboardAdditions

EXTERNAL SOURCES:
  AxeSync:
    :commit: 1e4107bc204fd9ab9365a2e91b74397891a93364
    :git: https://github.com/axerunners/axesync/
  MMSegmentSlider:
    :commit: 2d91366
    :git: https://github.com/podkovyrin/MMSegmentSlider

CHECKOUT OPTIONS:
  AxeSync:
    :commit: 1e4107bc204fd9ab9365a2e91b74397891a93364
    :git: https://github.com/axerunners/axesync/
  MMSegmentSlider:
    :commit: 2d91366
    :git: https://github.com/podkovyrin/MMSegmentSlider

SPEC CHECKSUMS:
  AxeSync: 5ec3a5cb4cfd99057707c7d3c4e59a134f6aff17
  bls-signatures-pod: 56adce76843f10f484ff996c33aee36cfd98ae5e
  CloudInAppMessaging: 5dde21e2e67e173e3803ca7532eacaa77e19d744
  CocoaLumberjack: 78b0c238666f4f58db069738ec176f4519557516
  DSDynamicOptions: 6a37eb496daee3c067e086b5b236d77707e9a3ee
  DWAlertController: 5f4cd8adf90336331c054857f709f5f8d4b16a5b
  KVO-MVVM: 756673a8e837d7f27ff904fe2883e225e261d8ac
  MBProgressHUD: e7baa36a220447d8aeb12769bf0585582f3866d9
  MMSegmentSlider: db7ee0d6eb2eefbd511179195bf288ff2cebac0a
  secp256k1_axe: bd1dc10fc294f2f0e0704f8bea578eb9ea5916d0
  UIViewController-KeyboardAdditions: a691dc7e63a49854d341455a778ee8497dfc4662

PODFILE CHECKSUM: 4954591660f14264acf03646c12d81b4ca7ce816

COCOAPODS: 1.9.3
